
Microsoft Visual Studio Solution File, Format Version 12.00
# Visual Studio Version 16
VisualStudioVersion = 16.0.30413.136
MinimumVisualStudioVersion = 10.0.40219.1
Project("{FAE04EC0-301F-11D3-BF4B-00C04F79EFBC}") = "BibliotekaMatematiki", "BibliotekaMatematiki.csproj", "{472AD923-94C4-4806-B37E-CA30171CB50C}"
EndProject
Global
	GlobalSection(SolutionConfigurationPlatforms) = preSolution
		Debug|Any CPU = Debug|Any CPU
		Release|Any CPU = Release|Any CPU
	EndGlobalSection
	GlobalSection(ProjectConfigurationPlatforms) = postSolution
		{472AD923-94C4-4806-B37E-CA30171CB50C}.Debug|Any CPU.ActiveCfg = Debug|Any CPU
		{472AD923-94C4-4806-B37E-CA30171CB50C}.Debug|Any CPU.Build.0 = Debug|Any CPU
		{472AD923-94C4-4806-B37E-CA30171CB50C}.Release|Any CPU.ActiveCfg = Release|Any CPU
		{472AD923-94C4-4806-B37E-CA30171CB50C}.Release|Any CPU.Build.0 = Release|Any CPU
	EndGlobalSection
	GlobalSection(SolutionProperties) = preSolution
		HideSolutionNode = FALSE
	EndGlobalSection
	GlobalSection(ExtensibilityGlobals) = postSolution
		SolutionGuid = {311EB7E2-0056-4A8D-A8D4-8B63051D285D}
	EndGlobalSection
EndGlobal
